
Microsoft Visual Studio Solution File, Format Version 10.00
# Visual Studio 2008
Project("{2150E333-8FDC-42A3-9474-1A3956D46DE8}") = "Development", "Development", "{F8986557-66F1-4FEF-8B0E-99B06C520DC8}"
EndProject
Project("{2150E333-8FDC-42A3-9474-1A3956D46DE8}") = "Web", "Web", "{36692C30-B9D2-4346-8E6B-9B027FE74612}"
EndProject
Project("{FAE04EC0-301F-11D3-BF4B-00C04F79EFBC}") = "ConstantContactBO", "Development\ConstantContactBO\ConstantContactBO.csproj", "{57F2FEA5-125A-49A5-8775-B713ECD5A6BB}"
EndProject
Project("{FAE04EC0-301F-11D3-BF4B-00C04F79EFBC}") = "ConstantContactUtility", "Development\ConstantContactUtility\ConstantContactUtility.csproj", "{49CCF413-68C4-4C87-A423-9B8935DEA92D}"
EndProject
Project("{E24C65DC-7377-472B-9ABA-BC803B73C61A}") = "UploadContactForm", "Web\UploadContactForm", "{CF60DE9C-8A28-4696-A55D-92379922582D}"
	ProjectSection(WebsiteProperties) = preProject
		TargetFramework = "2.0"
		ProjectReferences = "{57F2FEA5-125A-49A5-8775-B713ECD5A6BB}|ConstantContactBO.dll;{49CCF413-68C4-4C87-A423-9B8935DEA92D}|ConstantContactUtility.dll;"
		Debug.AspNetCompiler.VirtualPath = "/UploadContactForm"
		Debug.AspNetCompiler.PhysicalPath = "Web\UploadContactForm\"
		Debug.AspNetCompiler.TargetPath = "PrecompiledWeb\UploadContactForm\"
		Debug.AspNetCompiler.Updateable = "true"
		Debug.AspNetCompiler.ForceOverwrite = "true"
		Debug.AspNetCompiler.FixedNames = "false"
		Debug.AspNetCompiler.Debug = "True"
		Release.AspNetCompiler.VirtualPath = "/UploadContactForm"
		Release.AspNetCompiler.PhysicalPath = "Web\UploadContactForm\"
		Release.AspNetCompiler.TargetPath = "PrecompiledWeb\UploadContactForm\"
		Release.AspNetCompiler.Updateable = "true"
		Release.AspNetCompiler.ForceOverwrite = "true"
		Release.AspNetCompiler.FixedNames = "false"
		Release.AspNetCompiler.Debug = "False"
		VWDPort = "1585"
		DefaultWebSiteLanguage = "Visual C#"
	EndProjectSection
EndProject
Global
	GlobalSection(SolutionConfigurationPlatforms) = preSolution
		Debug|.NET = Debug|.NET
		Debug|Any CPU = Debug|Any CPU
		Debug|Mixed Platforms = Debug|Mixed Platforms
		Release|.NET = Release|.NET
		Release|Any CPU = Release|Any CPU
		Release|Mixed Platforms = Release|Mixed Platforms
	EndGlobalSection
	GlobalSection(ProjectConfigurationPlatforms) = postSolution
		{57F2FEA5-125A-49A5-8775-B713ECD5A6BB}.Debug|.NET.ActiveCfg = Debug|Any CPU
		{57F2FEA5-125A-49A5-8775-B713ECD5A6BB}.Debug|.NET.Build.0 = Debug|Any CPU
		{57F2FEA5-125A-49A5-8775-B713ECD5A6BB}.Debug|Any CPU.ActiveCfg = Debug|Any CPU
		{57F2FEA5-125A-49A5-8775-B713ECD5A6BB}.Debug|Any CPU.Build.0 = Debug|Any CPU
		{57F2FEA5-125A-49A5-8775-B713ECD5A6BB}.Debug|Mixed Platforms.ActiveCfg = Debug|Any CPU
		{57F2FEA5-125A-49A5-8775-B713ECD5A6BB}.Debug|Mixed Platforms.Build.0 = Debug|Any CPU
		{57F2FEA5-125A-49A5-8775-B713ECD5A6BB}.Release|.NET.ActiveCfg = Release|Any CPU
		{57F2FEA5-125A-49A5-8775-B713ECD5A6BB}.Release|.NET.Build.0 = Release|Any CPU
		{57F2FEA5-125A-49A5-8775-B713ECD5A6BB}.Release|Any CPU.ActiveCfg = Release|Any CPU
		{57F2FEA5-125A-49A5-8775-B713ECD5A6BB}.Release|Any CPU.Build.0 = Release|Any CPU
		{57F2FEA5-125A-49A5-8775-B713ECD5A6BB}.Release|Mixed Platforms.ActiveCfg = Release|Any CPU
		{57F2FEA5-125A-49A5-8775-B713ECD5A6BB}.Release|Mixed Platforms.Build.0 = Release|Any CPU
		{49CCF413-68C4-4C87-A423-9B8935DEA92D}.Debug|.NET.ActiveCfg = Debug|Any CPU
		{49CCF413-68C4-4C87-A423-9B8935DEA92D}.Debug|.NET.Build.0 = Debug|Any CPU
		{49CCF413-68C4-4C87-A423-9B8935DEA92D}.Debug|Any CPU.ActiveCfg = Debug|Any CPU
		{49CCF413-68C4-4C87-A423-9B8935DEA92D}.Debug|Any CPU.Build.0 = Debug|Any CPU
		{49CCF413-68C4-4C87-A423-9B8935DEA92D}.Debug|Mixed Platforms.ActiveCfg = Debug|Any CPU
		{49CCF413-68C4-4C87-A423-9B8935DEA92D}.Debug|Mixed Platforms.Build.0 = Debug|Any CPU
		{49CCF413-68C4-4C87-A423-9B8935DEA92D}.Release|.NET.ActiveCfg = Release|Any CPU
		{49CCF413-68C4-4C87-A423-9B8935DEA92D}.Release|.NET.Build.0 = Release|Any CPU
		{49CCF413-68C4-4C87-A423-9B8935DEA92D}.Release|Any CPU.ActiveCfg = Release|Any CPU
		{49CCF413-68C4-4C87-A423-9B8935DEA92D}.Release|Any CPU.Build.0 = Release|Any CPU
		{49CCF413-68C4-4C87-A423-9B8935DEA92D}.Release|Mixed Platforms.ActiveCfg = Release|Any CPU
		{49CCF413-68C4-4C87-A423-9B8935DEA92D}.Release|Mixed Platforms.Build.0 = Release|Any CPU
		{CF60DE9C-8A28-4696-A55D-92379922582D}.Debug|.NET.ActiveCfg = Debug|.NET
		{CF60DE9C-8A28-4696-A55D-92379922582D}.Debug|.NET.Build.0 = Debug|.NET
		{CF60DE9C-8A28-4696-A55D-92379922582D}.Debug|Any CPU.ActiveCfg = Debug|.NET
		{CF60DE9C-8A28-4696-A55D-92379922582D}.Debug|Mixed Platforms.ActiveCfg = Debug|.NET
		{CF60DE9C-8A28-4696-A55D-92379922582D}.Debug|Mixed Platforms.Build.0 = Debug|.NET
		{CF60DE9C-8A28-4696-A55D-92379922582D}.Release|.NET.ActiveCfg = Debug|.NET
		{CF60DE9C-8A28-4696-A55D-92379922582D}.Release|.NET.Build.0 = Debug|.NET
		{CF60DE9C-8A28-4696-A55D-92379922582D}.Release|Any CPU.ActiveCfg = Debug|.NET
		{CF60DE9C-8A28-4696-A55D-92379922582D}.Release|Mixed Platforms.ActiveCfg = Debug|.NET
		{CF60DE9C-8A28-4696-A55D-92379922582D}.Release|Mixed Platforms.Build.0 = Debug|.NET
	EndGlobalSection
	GlobalSection(SolutionProperties) = preSolution
		HideSolutionNode = FALSE
	EndGlobalSection
	GlobalSection(NestedProjects) = preSolution
		{57F2FEA5-125A-49A5-8775-B713ECD5A6BB} = {F8986557-66F1-4FEF-8B0E-99B06C520DC8}
		{49CCF413-68C4-4C87-A423-9B8935DEA92D} = {F8986557-66F1-4FEF-8B0E-99B06C520DC8}
		{CF60DE9C-8A28-4696-A55D-92379922582D} = {36692C30-B9D2-4346-8E6B-9B027FE74612}
	EndGlobalSection
EndGlobal
